
Microsoft Visual Studio Solution File, Format Version 12.00
# Visual Studio Version 17
VisualStudioVersion = 17.3.32825.248
MinimumVisualStudioVersion = 10.0.40219.1
Project("{FAE04EC0-301F-11D3-BF4B-00C04F79EFBC}") = "Monogame Keyboard + Mouse", "Monogame Keyboard + Mouse\Monogame Keyboard + Mouse.csproj", "{B6B6AFFF-7A96-4105-BC30-0C1B50FDD945}"
EndProject
Global
	GlobalSection(SolutionConfigurationPlatforms) = preSolution
		Debug|Any CPU = Debug|Any CPU
		Release|Any CPU = Release|Any CPU
	EndGlobalSection
	GlobalSection(ProjectConfigurationPlatforms) = postSolution
		{B6B6AFFF-7A96-4105-BC30-0C1B50FDD945}.Debug|Any CPU.ActiveCfg = Debug|Any CPU
		{B6B6AFFF-7A96-4105-BC30-0C1B50FDD945}.Debug|Any CPU.Build.0 = Debug|Any CPU
		{B6B6AFFF-7A96-4105-BC30-0C1B50FDD945}.Release|Any CPU.ActiveCfg = Release|Any CPU
		{B6B6AFFF-7A96-4105-BC30-0C1B50FDD945}.Release|Any CPU.Build.0 = Release|Any CPU
	EndGlobalSection
	GlobalSection(SolutionProperties) = preSolution
		HideSolutionNode = FALSE
	EndGlobalSection
	GlobalSection(ExtensibilityGlobals) = postSolution
		SolutionGuid = {F6C6C220-3445-4A92-B6D4-9978A1869FCA}
	EndGlobalSection
EndGlobal
